{
    "_meta": {
        "hash": {
            "sha256": "cb1c3ee62b4fdfae41936a9fd0f09abb924c3bb73a2ac20fe9e9a751cd913a83"
        },
        "pipfile-spec": 6,
        "requires": {},
        "sources": [
            {
                "name": "pypi",
                "url": "https://pypi.python.org/simple",
                "verify_ssl": true
            }
        ]
    },
    "default": {
        "certifi": {
            "hashes": [
                "sha256:1a4995114262bffbc2413b159f2a1a480c969de6e6eb13ee966d470af86af59c",
                "sha256:719a74fb9e33b9bd44cc7f3a8d94bc35e4049deebe19ba7d8e108280cfd59830"
            ],
            "version": "==2020.12.5"
        },
        "chardet": {
            "hashes": [
                "sha256:84ab92ed1c4d4f16916e05906b6b75a6c0fb5db821cc65e70cbd64a3e2a5eaae",
                "sha256:fc323ffcaeaed0e0a02bf4d117757b98aed530d9ed4531e3e15460124c106691"
            ],
            "version": "==3.0.4"
        },
        "checksumdir": {
            "hashes": [
                "sha256:6dd2e5f5017f9020c2afd0503010aa63a917aa36114eff652d46592e6d20edb6"
            ],
            "index": "pypi",
            "version": "==1.1.4"
        },
        "dateparser": {
            "hashes": [
                "sha256:159cc4e01a593706a15cd4e269a0b3345edf3aef8bf9278a57dac8adf5bf1e4a",
                "sha256:17202df32c7a36e773136ff353aa3767e987f8b3e27374c39fd21a30a803d6f8"
            ],
            "version": "==1.0.0"
        },
        "django": {
            "hashes": [
                "sha256:7ab6a9c798a5f9f359ee6da3677211f883fb02ef32cebe9b29751eb7a871febf",
                "sha256:c3b42ca1efa1c0a129a9e863134cc3fe705c651dea3a04a7998019e522af0c60"
            ],
            "index": "pypi",
            "version": "==1.11.6"
        },
        "humanize": {
            "hashes": [
                "sha256:0ebeb71e0b8f5d1cbb2f8b19cc0f5f6e6abfcdb8e3d152424b20effbab68ace5",
                "sha256:8bf7abd672b867f38b8b04593829b85b9b6199a61ef6586bf3629cc06458ff35"
            ],
            "version": "==3.3.0"
        },
        "idna": {
            "hashes": [
                "sha256:2c6a5de3089009e3da7c5dde64a141dbc8551d5b7f6cf4ed7c2568d0cc520a8f",
                "sha256:8c7309c718f94b3a625cb648ace320157ad16ff131ae0af362c9f21b80ef6ec4"
            ],
            "version": "==2.6"
        },
        "markdown": {
            "hashes": [
                "sha256:73af797238b95768b3a9b6fe6270e250e5c09d988b8e5b223fd5efa4e06faf81"
            ],
            "index": "pypi",
            "version": "==2.6.9"
        },
        "maya": {
            "hashes": [
                "sha256:b22d22837f921b8cbe884b6a288d9f795c58d9d9165e4a9ff80df102914e2e49",
                "sha256:bad39d8f9c6e2c8f446a2187eafbc2128aa20397787be1e4697bb29b239908f5"
            ],
            "index": "pypi",
            "version": "==0.3.3"
        },
        "olefile": {
            "hashes": [
                "sha256:133b031eaf8fd2c9399b78b8bc5b8fcbe4c31e85295749bb17a87cba8f3c3964"
            ],
            "version": "==0.46"
        },
        "pendulum": {
            "hashes": [
                "sha256:0731f0c661a3cb779d398803655494893c9f581f6488048b3fb629c2342b5394",
                "sha256:1245cd0075a3c6d889f581f6325dd8404aca5884dea7223a5566c38aab94642b",
                "sha256:29c40a6f2942376185728c9a0347d7c0f07905638c83007e1d262781f1e6953a",
                "sha256:2d1619a721df661e506eff8db8614016f0720ac171fe80dda1333ee44e684087",
                "sha256:318f72f62e8e23cd6660dbafe1e346950281a9aed144b5c596b2ddabc1d19739",
                "sha256:33fb61601083f3eb1d15edeb45274f73c63b3c44a8524703dc143f4212bf3269",
                "sha256:3481fad1dc3f6f6738bd575a951d3c15d4b4ce7c82dce37cf8ac1483fde6e8b0",
                "sha256:4c9c689747f39d0d02a9f94fcee737b34a5773803a64a5fdb046ee9cac7442c5",
                "sha256:7c5ec650cb4bec4c63a89a0242cc8c3cebcec92fcfe937c417ba18277d8560be",
                "sha256:94b1fc947bfe38579b28e1cccb36f7e28a15e841f30384b5ad6c5e31055c85d7",
                "sha256:9702069c694306297ed362ce7e3c1ef8404ac8ede39f9b28b7c1a7ad8c3959e3",
                "sha256:b06a0ca1bfe41c990bbf0c029f0b6501a7f2ec4e38bfec730712015e8860f207",
                "sha256:b6c352f4bd32dff1ea7066bd31ad0f71f8d8100b9ff709fb343f3b86cee43efe",
                "sha256:c501749fdd3d6f9e726086bf0cd4437281ed47e7bca132ddb522f86a1645d360",
                "sha256:c807a578a532eeb226150d5006f156632df2cc8c5693d778324b43ff8c515dd0",
                "sha256:db0a40d8bcd27b4fb46676e8eb3c732c67a5a5e6bfab8927028224fbced0b40b",
                "sha256:de42ea3e2943171a9e95141f2eecf972480636e8e484ccffaf1e833929e9e052",
                "sha256:e95d329384717c7bf627bf27e204bc3b15c8238fa8d9d9781d93712776c14002",
                "sha256:f5e236e7730cab1644e1b87aca3d2ff3e375a608542e90fe25685dae46310116",
                "sha256:f888f2d2909a414680a29ae74d0592758f2b9fcdee3549887779cd4055e975db",
                "sha256:fb53ffa0085002ddd43b6ca61a7b34f2d4d7c3ed66f931fe599e1a531b42af9b"
            ],
            "version": "==2.1.2"
        },
        "pillow": {
            "hashes": [
                "sha256:0e3b56364a2c772c961a8faad8a835d3f24d8848310de035c9e07cc006035cbc",
                "sha256:1d742642d01914b7e0cf6fd597a51f57d21fd68f794cf84803e03e72db78a261",
                "sha256:2046a2001e2c413998951cc28aa0dbfd4cff846a12e24c2145d42630d5104094",
                "sha256:39c7c9dcf64430091e30ef14d4191b4cae9b7b5ff29762357730aac4866fb189",
                "sha256:4fb8ab0f8895fb946454ef6ffe806f49ee387095f2d6112ae24670e5fb8fbcd9",
                "sha256:53eaec751151b5713a15b1cd62b06d0fc16d72f56623c15448728c554c30770b",
                "sha256:54898190b538a6c8fa4228e866ff2e7609da1ba9fd1d9cc5dc8ca591d37ce0a8",
                "sha256:575a9b3468c82f38be0419cd39d35001ae95a0cc5226534e45430035fecef583",
                "sha256:59cef683d79b85d55a950c1e61dc7b6be0c45a5074692746354cd9a8ace1cd17",
                "sha256:6d814aa655d94c63547fc3208cb6ab886ff1a64c543b31f52658663b1bb3f011",
                "sha256:759e5e3e99c4ac87b99e9288a75236c63173d1bb24c8d3f9d9d2c8332fceeb0a",
                "sha256:822e4fc261d12fa44d88dadee0e93d59663db94d962d4ffffbf09b1fe5e5be51",
                "sha256:9184b9788a9cf677e53626a4dc141136a22d349a5480479b98defd3cfb5015a4",
                "sha256:92087cb92a968421f42235f7d8153f4766b6ba213a6efb36b8060f3c9d294569",
                "sha256:922aeb050bd52d8ce9531ab57fd2440bfe975900e8700fec385fb741c3c557c7",
                "sha256:9adcfa2477b7e279ebeee75b49f535518201bbd7d26ca2ef1cf6751cb6e658e8",
                "sha256:a336596b06e062b92eb8201a3b5dff07ae01c3a5d08ce5539d2da49b123f2be6",
                "sha256:a6f43511c79bed431ec2b56e55150b5222c732cd9e5f80e77a44e068e94c71fc",
                "sha256:a97c715d44efd5b4aa8d739b8fad88b93ed79f1b33fc2822d5802043f3b1b527",
                "sha256:b13106cb83a3b7d1a02fafb94bfafbc980465ba948b76ea1996245959c6783d2",
                "sha256:be803fae6af36639524a0f6861a8cface67bbec66c3416c3eaf592f1d45b8b20",
                "sha256:cc6a5ed5b8f9d2f25e4e42d562e0ec4df3ce838f9e9b9d9d9b65fac6fe93a4cc",
                "sha256:dc32362d0cadf18c3aef7040455760106cafe7dd3c211dc27c507e746376bb56",
                "sha256:e595312f67962d6b4fde3b7dffaaaca4becefa522d677676bb57b0ec5f8f921a",
                "sha256:e66080685863444738f08e13081c287e340b6e4f8bd674a2e0da967776ac6f46",
                "sha256:effa82e72f5064439a3d2c7ff615b999eb1c4d65bb1f1e6ee6e2ddb345b3e81e",
                "sha256:f2d71951f473744ac617b645b62d0c4df5372ef4618c425646bfe5e2e8878e61"
            ],
            "index": "pypi",
            "version": "==4.3.0"
        },
        "python-dateutil": {
            "hashes": [
                "sha256:73ebfe9dbf22e832286dafa60473e4cd239f8592f699aa5adaf10050e6e1823c",
                "sha256:75bb3f31ea686f1197762692a9ee6a7550b59fc6ca3a1f4b5d7e32fb98e2da2a"
            ],
            "version": "==2.8.1"
        },
        "pytz": {
            "hashes": [
                "sha256:83a4a90894bf38e243cf052c8b58f381bfe9a7a483f6a9cab140bc7f702ac4da",
                "sha256:eb10ce3e7736052ed3623d49975ce333bcd712c7bb19a58b9e2089d4057d0798"
            ],
            "version": "==2021.1"
        },
        "pytzdata": {
            "hashes": [
                "sha256:3efa13b335a00a8de1d345ae41ec78dd11c9f8807f522d39850f2dd828681540",
                "sha256:e1e14750bcf95016381e4d472bad004eef710f2d6417240904070b3d6654485f"
            ],
            "version": "==2020.1"
        },
        "pyyaml": {
            "hashes": [
                "sha256:02c78d77281d8f8d07a255e57abdbf43b02257f59f50cc6b636937d68efa5dd0",
                "sha256:0dc9f2eb2e3c97640928dec63fd8dc1dd91e6b6ed236bd5ac00332b99b5c2ff9",
                "sha256:124fd7c7bc1e95b1eafc60825f2daf67c73ce7b33f1194731240d24b0d1bf628",
                "sha256:26fcb33776857f4072601502d93e1a619f166c9c00befb52826e7b774efaa9db",
                "sha256:31ba07c54ef4a897758563e3a0fcc60077698df10180abe4b8165d9895c00ebf",
                "sha256:3c49e39ac034fd64fd576d63bb4db53cda89b362768a67f07749d55f128ac18a",
                "sha256:52bf0930903818e600ae6c2901f748bc4869c0c406056f679ab9614e5d21a166",
                "sha256:5a3f345acff76cad4aa9cb171ee76c590f37394186325d53d1aa25318b0d4a09",
                "sha256:5e7ac4e0e79a53451dc2814f6876c2fa6f71452de1498bbe29c0b54b69a986f4",
                "sha256:7242790ab6c20316b8e7bb545be48d7ed36e26bbe279fd56f2c4a12510e60b4b",
                "sha256:737bd70e454a284d456aa1fa71a0b429dd527bcbf52c5c33f7c8eee81ac16b89",
                "sha256:8635d53223b1f561b081ff4adecb828fd484b8efffe542edcfdff471997f7c39",
                "sha256:8b818b6c5a920cbe4203b5a6b14256f0e5244338244560da89b7b0f1313ea4b6",
                "sha256:8bf38641b4713d77da19e91f8b5296b832e4db87338d6aeffe422d42f1ca896d",
                "sha256:a36a48a51e5471513a5aea920cdad84cbd56d70a5057cca3499a637496ea379c",
                "sha256:b2243dd033fd02c01212ad5c601dafb44fbb293065f430b0d3dbf03f3254d615",
                "sha256:cc547d3ead3754712223abb7b403f0a184e4c3eae18c9bb7fd15adef1597cc4b",
                "sha256:cc552b6434b90d9dbed6a4f13339625dc466fd82597119897e9489c953acbc22",
                "sha256:f3790156c606299ff499ec44db422f66f05a7363b39eb9d5b064f17bd7d7c47b",
                "sha256:f7a21e3d99aa3095ef0553e7ceba36fb693998fbb1226f1392ce33681047465f",
                "sha256:fdc6b2cb4b19e431994f25a9160695cc59a4e861710cc6fc97161c5e845fc579"
            ],
            "index": "pypi",
            "version": "==5.4"
        },
        "regex": {
            "hashes": [
                "sha256:07ef35301b4484bce843831e7039a84e19d8d33b3f8b2f9aab86c376813d0139",
                "sha256:13f50969028e81765ed2a1c5fcfdc246c245cf8d47986d5172e82ab1a0c42ee5",
                "sha256:14de88eda0976020528efc92d0a1f8830e2fb0de2ae6005a6fc4e062553031fa",
                "sha256:159fac1a4731409c830d32913f13f68346d6b8e39650ed5d704a9ce2f9ef9cb3",
                "sha256:18e25e0afe1cf0f62781a150c1454b2113785401ba285c745acf10c8ca8917df",
                "sha256:201e2619a77b21a7780580ab7b5ce43835e242d3e20fef50f66a8df0542e437f",
                "sha256:360a01b5fa2ad35b3113ae0c07fb544ad180603fa3b1f074f52d98c1096fa15e",
                "sha256:39c44532d0e4f1639a89e52355b949573e1e2c5116106a395642cbbae0ff9bcd",
                "sha256:3d9356add82cff75413bec360c1eca3e58db4a9f5dafa1f19650958a81e3249d",
                "sha256:3d9a7e215e02bd7646a91fb8bcba30bc55fd42a719d6b35cf80e5bae31d9134e",
                "sha256:4651f839dbde0816798e698626af6a2469eee6d9964824bb5386091255a1694f",
                "sha256:486a5f8e11e1f5bbfcad87f7c7745eb14796642323e7e1829a331f87a713daaa",
                "sha256:4b8a1fb724904139149a43e172850f35aa6ea97fb0545244dc0b805e0154ed68",
                "sha256:4c0788010a93ace8a174d73e7c6c9d3e6e3b7ad99a453c8ee8c975ddd9965643",
                "sha256:4c2e364491406b7888c2ad4428245fc56c327e34a5dfe58fd40df272b3c3dab3",
                "sha256:575a832e09d237ae5fedb825a7a5bc6a116090dd57d6417d4f3b75121c73e3be",
                "sha256:5770a51180d85ea468234bc7987f5597803a4c3d7463e7323322fe4a1b181578",
                "sha256:633497504e2a485a70a3268d4fc403fe3063a50a50eed1039083e9471ad0101c",
                "sha256:63f3ca8451e5ff7133ffbec9eda641aeab2001be1a01878990f6c87e3c44b9d5",
                "sha256:709f65bb2fa9825f09892617d01246002097f8f9b6dde8d1bb4083cf554701ba",
                "sha256:808404898e9a765e4058bf3d7607d0629000e0a14a6782ccbb089296b76fa8fe",
                "sha256:882f53afe31ef0425b405a3f601c0009b44206ea7f55ee1c606aad3cc213a52c",
                "sha256:8bd4f91f3fb1c9b1380d6894bd5b4a519409135bec14c0c80151e58394a4e88a",
                "sha256:8e65e3e4c6feadf6770e2ad89ad3deb524bcb03d8dc679f381d0568c024e0deb",
                "sha256:976a54d44fd043d958a69b18705a910a8376196c6b6ee5f2596ffc11bff4420d",
                "sha256:a0d04128e005142260de3733591ddf476e4902c0c23c1af237d9acf3c96e1b38",
                "sha256:a0df9a0ad2aad49ea3c7f65edd2ffb3d5c59589b85992a6006354f6fb109bb18",
                "sha256:a2ee026f4156789df8644d23ef423e6194fad0bc53575534101bb1de5d67e8ce",
                "sha256:a59a2ee329b3de764b21495d78c92ab00b4ea79acef0f7ae8c1067f773570afa",
                "sha256:b97ec5d299c10d96617cc851b2e0f81ba5d9d6248413cd374ef7f3a8871ee4a6",
                "sha256:b98bc9db003f1079caf07b610377ed1ac2e2c11acc2bea4892e28cc5b509d8d5",
                "sha256:b9d8d286c53fe0cbc6d20bf3d583cabcd1499d89034524e3b94c93a5ab85ca90",
                "sha256:bcd945175c29a672f13fce13a11893556cd440e37c1b643d6eeab1988c8b209c",
                "sha256:c66221e947d7207457f8b6f42b12f613b09efa9669f65a587a2a71f6a0e4d106",
                "sha256:c782da0e45aff131f0bed6e66fbcfa589ff2862fc719b83a88640daa01a5aff7",
                "sha256:cb4ee827857a5ad9b8ae34d3c8cc51151cb4a3fe082c12ec20ec73e63cc7c6f0",
                "sha256:d47d359545b0ccad29d572ecd52c9da945de7cd6cf9c0cfcb0269f76d3555689",
                "sha256:dc9963aacb7da5177e40874585d7407c0f93fb9d7518ec58b86e562f633f36cd",
                "sha256:ea2f41445852c660ba7c3ebf7d70b3779b20d9ca8ba54485a17740db49f46932",
                "sha256:f5d0c921c99297354cecc5a416ee4280bd3f20fd81b9fb671ca6be71499c3fdf",
                "sha256:f85d6f41e34f6a2d1607e312820971872944f1661a73d33e1e82d35ea3305e14"
            ],
            "version": "==2021.3.17"
        },
        "requests": {
            "hashes": [
                "sha256:6a1b267aa90cac58ac3a765d067950e7dbbf75b1da07e895d1f594193a40a38b",
                "sha256:9c443e7324ba5b85070c4a818ade28bfabedf16ea10206da1132edaa6dda237e"
            ],
            "index": "pypi",
            "version": "==2.18.4"
        },
        "ruamel.yaml": {
            "hashes": [
                "sha256:64b06e7873eb8e1125525ecef7345447d786368cadca92a7cd9b59eae62e95a3",
                "sha256:bb48c514222702878759a05af96f4b7ecdba9b33cd4efcf25c86b882cef3a942"
            ],
            "version": "==0.16.13"
        },
        "ruamel.yaml.clib": {
            "hashes": [
                "sha256:058a1cc3df2a8aecc12f983a48bda99315cebf55a3b3a5463e37bb599b05727b",
                "sha256:1236df55e0f73cd138c0eca074ee086136c3f16a97c2ac719032c050f7e0622f",
                "sha256:1f8c0a4577c0e6c99d208de5c4d3fd8aceed9574bb154d7a2b21c16bb924154c",
                "sha256:2602e91bd5c1b874d6f93d3086f9830f3e907c543c7672cf293a97c3fabdcd91",
                "sha256:28116f204103cb3a108dfd37668f20abe6e3cafd0d3fd40dba126c732457b3cc",
                "sha256:2d24bd98af676f4990c4d715bcdc2a60b19c56a3fb3a763164d2d8ca0e806ba7",
                "sha256:2fd336a5c6415c82e2deb40d08c222087febe0aebe520f4d21910629018ab0f3",
                "sha256:30dca9bbcbb1cc858717438218d11eafb78666759e5094dd767468c0d577a7e7",
                "sha256:44c7b0498c39f27795224438f1a6be6c5352f82cb887bc33d962c3a3acc00df6",
                "sha256:464e66a04e740d754170be5e740657a3b3b6d2bcc567f0c3437879a6e6087ff6",
                "sha256:46d6d20815064e8bb023ea8628cfb7402c0f0e83de2c2227a88097e239a7dffd",
                "sha256:4df5019e7783d14b79217ad9c56edf1ba7485d614ad5a385d1b3c768635c81c0",
                "sha256:4e52c96ca66de04be42ea2278012a2342d89f5e82b4512fb6fb7134e377e2e62",
                "sha256:5254af7d8bdf4d5484c089f929cb7f5bafa59b4f01d4f48adda4be41e6d29f99",
                "sha256:52ae5739e4b5d6317b52f5b040b1b6639e8af68a5b8fd606a8b08658fbd0cab5",
                "sha256:53b9dd1abd70e257a6e32f934ebc482dac5edb8c93e23deb663eac724c30b026",
                "sha256:6c0a5dc52fc74eb87c67374a4e554d4761fd42a4d01390b7e868b30d21f4b8bb",
                "sha256:73b3d43e04cc4b228fa6fa5d796409ece6fcb53a6c270eb2048109cbcbc3b9c2",
                "sha256:74161d827407f4db9072011adcfb825b5258a5ccb3d2cd518dd6c9edea9e30f1",
                "sha256:75f0ee6839532e52a3a53f80ce64925ed4aed697dd3fa890c4c918f3304bd4f4",
                "sha256:839dd72545ef7ba78fd2aa1a5dd07b33696adf3e68fae7f31327161c1093001b",
                "sha256:8be05be57dc5c7b4a0b24edcaa2f7275866d9c907725226cdde46da09367d923",
                "sha256:8e8fd0a22c9d92af3a34f91e8a2594eeb35cba90ab643c5e0e643567dc8be43e",
                "sha256:a873e4d4954f865dcb60bdc4914af7eaae48fb56b60ed6daa1d6251c72f5337c",
                "sha256:ab845f1f51f7eb750a78937be9f79baea4a42c7960f5a94dde34e69f3cce1988",
                "sha256:b1e981fe1aff1fd11627f531524826a4dcc1f26c726235a52fcb62ded27d150f",
                "sha256:b4b0d31f2052b3f9f9b5327024dc629a253a83d8649d4734ca7f35b60ec3e9e5",
                "sha256:c6ac7e45367b1317e56f1461719c853fd6825226f45b835df7436bb04031fd8a",
                "sha256:daf21aa33ee9b351f66deed30a3d450ab55c14242cfdfcd377798e2c0d25c9f1",
                "sha256:e9f7d1d8c26a6a12c23421061f9022bb62704e38211fe375c645485f38df34a2",
                "sha256:f6061a31880c1ed6b6ce341215336e2f3d0c1deccd84957b6fa8ca474b41e89f"
            ],
            "markers": "platform_python_implementation == 'CPython' and python_version < '3.10'",
            "version": "==0.2.2"
        },
        "six": {
            "hashes": [
                "sha256:30639c035cdb23534cd4aa2dd52c3bf48f06e5f4a941509c8bafd8ce11080259",
                "sha256:8b74bedcbbbaca38ff6d7491d76f2b06b3592611af620f8426e82dddb04a5ced"
            ],
            "version": "==1.15.0"
        },
        "tzlocal": {
            "hashes": [
                "sha256:643c97c5294aedc737780a49d9df30889321cbe1204eac2c2ec6134035a92e44",
                "sha256:e2cb6c6b5b604af38597403e9852872d7f534962ae2954c7f35efcb1ccacf4a4"
            ],
            "version": "==2.1"
        },
        "urllib3": {
            "hashes": [
                "sha256:06330f386d6e4b195fbfc736b297f58c5a892e4440e54d294d7004e3a9bbea1b",
                "sha256:cc44da8e1145637334317feebd728bd869a35285b93cbb4cca2577da7e62db4f"
            ],
            "version": "==1.22"
        }
    },
    "develop": {}
}
